// !$*UTF8*$!
{
	archiveVersion = 1;
	classes = {
	};
	objectVersion = 46;
	objects = {

/* Begin PBXBuildFile section */
		36265BAF1C96B94A00C49FE8 /* AppDelegate.swift in Sources */ = {isa = PBXBuildFile; fileRef = 36265BAE1C96B94A00C49FE8 /* AppDelegate.swift */; };
		36265BB11C96B94A00C49FE8 /* ViewController.swift in Sources */ = {isa = PBXBuildFile; fileRef = 36265BB01C96B94A00C49FE8 /* ViewController.swift */; };
		36265BB41C96B94A00C49FE8 /* Main.storyboard in Resources */ = {isa = PBXBuildFile; fileRef = 36265BB21C96B94A00C49FE8 /* Main.storyboard */; };
		36265BB61C96B94A00C49FE8 /* Assets.xcassets in Resources */ = {isa = PBXBuildFile; fileRef = 36265BB51C96B94A00C49FE8 /* Assets.xcassets */; };
		36265BB91C96B94A00C49FE8 /* LaunchScreen.storyboard in Resources */ = {isa = PBXBuildFile; fileRef = 36265BB71C96B94A00C49FE8 /* LaunchScreen.storyboard */; };
		36265BC41C96B94A00C49FE8 /* UIImageViewTouchEventTests.swift in Sources */ = {isa = PBXBuildFile; fileRef = 36265BC31C96B94A00C49FE8 /* UIImageViewTouchEventTests.swift */; };
		36265BCF1C96B94A00C49FE8 /* UIImageViewTouchEventUITests.swift in Sources */ = {isa = PBXBuildFile; fileRef = 36265BCE1C96B94A00C49FE8 /* UIImageViewTouchEventUITests.swift */; };
		36265BDD1C96B97000C49FE8 /* TouchImageView.swift in Sources */ = {isa = PBXBuildFile; fileRef = 36265BDC1C96B97000C49FE8 /* TouchImageView.swift */; };
/* End PBXBuildFile section */

/* Begin PBXContainerItemProxy section */
		36265BC01C96B94A00C49FE8 /* PBXContainerItemProxy */ = {
			isa = PBXContainerItemProxy;
			containerPortal = 36265BA31C96B94A00C49FE8 /* Project object */;
			proxyType = 1;
			remoteGlobalIDString = 36265BAA1C96B94A00C49FE8;
			remoteInfo = UIImageViewTouchEvent;
		};
		36265BCB1C96B94A00C49FE8 /* PBXContainerItemProxy */ = {
			isa = PBXContainerItemProxy;
			containerPortal = 36265BA31C96B94A00C49FE8 /* Project object */;
			proxyType = 1;
			remoteGlobalIDString = 36265BAA1C96B94A00C49FE8;
			remoteInfo = UIImageViewTouchEvent;
		};
/* End PBXContainerItemProxy section */

/* Begin PBXFileReference section */
		36265BAB1C96B94A00C49FE8 /* UIImageViewTouchEvent.app */ = {isa = PBXFileReference; explicitFileType = wrapper.application; includeInIndex = 0; path = UIImageViewTouchEvent.app; sourceTree = BUILT_PRODUCTS_DIR; };
		36265BAE1C96B94A00C49FE8 /* AppDelegate.swift */ = {isa = PBXFileReference; lastKnownFileType = sourcecode.swift; path = AppDelegate.swift; sourceTree = "<group>"; };
		36265BB01C96B94A00C49FE8 /* ViewController.swift */ = {isa = PBXFileReference; lastKnownFileType = sourcecode.swift; path = ViewController.swift; sourceTree = "<group>"; };
		36265BB31C96B94A00C49FE8 /* Base */ = {isa = PBXFileReference; lastKnownFileType = file.storyboard; name = Base; path = Base.lproj/Main.storyboard; sourceTree = "<group>"; };
		36265BB51C96B94A00C49FE8 /* Assets.xcassets */ = {isa = PBXFileReference; lastKnownFileType = folder.assetcatalog; path = Assets.xcassets; sourceTree = "<group>"; };
		36265BB81C96B94A00C49FE8 /* Base */ = {isa = PBXFileReference; lastKnownFileType = file.storyboard; name = Base; path = Base.lproj/LaunchScreen.storyboard; sourceTree = "<group>"; };
		36265BBA1C96B94A00C49FE8 /* Info.plist */ = {isa = PBXFileReference; lastKnownFileType = text.plist.xml; path = Info.plist; sourceTree = "<group>"; };
		36265BBF1C96B94A00C49FE8 /* UIImageViewTouchEventTests.xctest */ = {isa = PBXFileReference; explicitFileType = wrapper.cfbundle; includeInIndex = 0; path = UIImageViewTouchEventTests.xctest; sourceTree = BUILT_PRODUCTS_DIR; };
		36265BC31C96B94A00C49FE8 /* UIImageViewTouchEventTests.swift */ = {isa = PBXFileReference; lastKnownFileType = sourcecode.swift; path = UIImageViewTouchEventTests.swift; sourceTree = "<group>"; };
		36265BC51C96B94A00C49FE8 /* Info.plist */ = {isa = PBXFileReference; lastKnownFileType = text.plist.xml; path = Info.plist; sourceTree = "<group>"; };
		36265BCA1C96B94A00C49FE8 /* UIImageViewTouchEventUITests.xctest */ = {isa = PBXFileReference; explicitFileType = wrapper.cfbundle; includeInIndex = 0; path = UIImageViewTouchEventUITests.xctest; sourceTree = BUILT_PRODUCTS_DIR; };
		36265BCE1C96B94A00C49FE8 /* UIImageViewTouchEventUITests.swift */ = {isa = PBXFileReference; lastKnownFileType = sourcecode.swift; path = UIImageViewTouchEventUITests.swift; sourceTree = "<group>"; };
		36265BD01C96B94A00C49FE8 /* Info.plist */ = {isa = PBXFileReference; lastKnownFileType = text.plist.xml; path = Info.plist; sourceTree = "<group>"; };
		36265BDC1C96B97000C49FE8 /* TouchImageView.swift */ = {isa = PBXFileReference; fileEncoding = 4; lastKnownFileType = sourcecode.swift; name = TouchImageView.swift; path = ../TouchImageView.swift; sourceTree = "<group>"; };
/* End PBXFileReference section */

/* Begin PBXFrameworksBuildPhase section */
		36265BA81C96B94A00C49FE8 /* Frameworks */ = {
			isa = PBXFrameworksBuildPhase;
			buildActionMask = 2147483647;
			files = (
			);
			runOnlyForDeploymentPostprocessing = 0;
		};
		36265BBC1C96B94A00C49FE8 /* Frameworks */ = {
			isa = PBXFrameworksBuildPhase;
			buildActionMask = 2147483647;
			files = (
			);
			runOnlyForDeploymentPostprocessing = 0;
		};
		36265BC71C96B94A00C49FE8 /* Frameworks */ = {
			isa = PBXFrameworksBuildPhase;
			buildActionMask = 2147483647;
			files = (
			);
			runOnlyForDeploymentPostprocessing = 0;
		};
/* End PBXFrameworksBuildPhase section */

/* Begin PBXGroup section */
		36265BA21C96B94900C49FE8 = {
			isa = PBXGroup;
			children = (
				36265BAD1C96B94A00C49FE8 /* UIImageViewTouchEvent */,
				36265BC21C96B94A00C49FE8 /* UIImageViewTouchEventTests */,
				36265BCD1C96B94A00C49FE8 /* UIImageViewTouchEventUITests */,
				36265BAC1C96B94A00C49FE8 /* Products */,
			);
			sourceTree = "<group>";
		};
		36265BAC1C96B94A00C49FE8 /* Products */ = {
			isa = PBXGroup;
			children = (
				36265BAB1C96B94A00C49FE8 /* UIImageViewTouchEvent.app */,
				36265BBF1C96B94A00C49FE8 /* UIImageViewTouchEventTests.xctest */,
				36265BCA1C96B94A00C49FE8 /* UIImageViewTouchEventUITests.xctest */,
			);
			name = Products;
			sourceTree = "<group>";
		};
		36265BAD1C96B94A00C49FE8 /* UIImageViewTouchEvent */ = {
			isa = PBXGroup;
			children = (
				36265BAE1C96B94A00C49FE8 /* AppDelegate.swift */,
				36265BB01C96B94A00C49FE8 /* ViewController.swift */,
				36265BDC1C96B97000C49FE8 /* TouchImageView.swift */,
				36265BB21C96B94A00C49FE8 /* Main.storyboard */,
				36265BB51C96B94A00C49FE8 /* Assets.xcassets */,
				36265BB71C96B94A00C49FE8 /* LaunchScreen.storyboard */,
				36265BBA1C96B94A00C49FE8 /* Info.plist */,
			);
			path = UIImageViewTouchEvent;
			sourceTree = "<group>";
		};
		36265BC21C96B94A00C49FE8 /* UIImageViewTouchEventTests */ = {
			isa = PBXGroup;
			children = (
				36265BC31C96B94A00C49FE8 /* UIImageViewTouchEventTests.swift */,
				36265BC51C96B94A00C49FE8 /* Info.plist */,
			);
			path = UIImageViewTouchEventTests;
			sourceTree = "<group>";
		};
		36265BCD1C96B94A00C49FE8 /* UIImageViewTouchEventUITests */ = {
			isa = PBXGroup;
			children = (
				36265BCE1C96B94A00C49FE8 /* UIImageViewTouchEventUITests.swift */,
				36265BD01C96B94A00C49FE8 /* Info.plist */,
			);
			path = UIImageViewTouchEventUITests;
			sourceTree = "<group>";
		};
/* End PBXGroup section */

/* Begin PBXNativeTarget section */
		36265BAA1C96B94A00C49FE8 /* UIImageViewTouchEvent */ = {
			isa = PBXNativeTarget;
			buildConfigurationList = 36265BD31C96B94A00C49FE8 /* Build configuration list for PBXNativeTarget "UIImageViewTouchEvent" */;
			buildPhases = (
				36265BA71C96B94A00C49FE8 /* Sources */,
				36265BA81C96B94A00C49FE8 /* Frameworks */,
				36265BA91C96B94A00C49FE8 /* Resources */,
			);
			buildRules = (
			);
			dependencies = (
			);
			name = UIImageViewTouchEvent;
			productName = UIImageViewTouchEvent;
			productReference = 36265BAB1C96B94A00C49FE8 /* UIImageViewTouchEvent.app */;
			productType = "com.apple.product-type.application";
		};
		36265BBE1C96B94A00C49FE8 /* UIImageViewTouchEventTests */ = {
			isa = PBXNativeTarget;
			buildConfigurationList = 36265BD61C96B94A00C49FE8 /* Build configuration list for PBXNativeTarget "UIImageViewTouchEventTests" */;
			buildPhases = (
				36265BBB1C96B94A00C49FE8 /* Sources */,
				36265BBC1C96B94A00C49FE8 /* Frameworks */,
				36265BBD1C96B94A00C49FE8 /* Resources */,
			);
			buildRules = (
			);
			dependencies = (
				36265BC11C96B94A00C49FE8 /* PBXTargetDependency */,
			);
			name = UIImageViewTouchEventTests;
			productName = UIImageViewTouchEventTests;
			productReference = 36265BBF1C96B94A00C49FE8 /* UIImageViewTouchEventTests.xctest */;
			productType = "com.apple.product-type.bundle.unit-test";
		};
		36265BC91C96B94A00C49FE8 /* UIImageViewTouchEventUITests */ = {
			isa = PBXNativeTarget;
			buildConfigurationList = 36265BD91C96B94A00C49FE8 /* Build configuration list for PBXNativeTarget "UIImageViewTouchEventUITests" */;
			buildPhases = (
				36265BC61C96B94A00C49FE8 /* Sources */,
				36265BC71C96B94A00C49FE8 /* Frameworks */,
				36265BC81C96B94A00C49FE8 /* Resources */,
			);
			buildRules = (
			);
			dependencies = (
				36265BCC1C96B94A00C49FE8 /* PBXTargetDependency */,
			);
			name = UIImageViewTouchEventUITests;
			productName = UIImageViewTouchEventUITests;
			productReference = 36265BCA1C96B94A00C49FE8 /* UIImageViewTouchEventUITests.xctest */;
			productType = "com.apple.product-type.bundle.ui-testing";
		};
/* End PBXNativeTarget section */

/* Begin PBXProject section */
		36265BA31C96B94A00C49FE8 /* Project object */ = {
			isa = PBXProject;
			attributes = {
				LastSwiftUpdateCheck = 0720;
				LastUpgradeCheck = 0720;
				ORGANIZATIONNAME = "Masaki Horimoto";
				TargetAttributes = {
					36265BAA1C96B94A00C49FE8 = {
						CreatedOnToolsVersion = 7.2.1;
					};
					36265BBE1C96B94A00C49FE8 = {
						CreatedOnToolsVersion = 7.2.1;
						TestTargetID = 36265BAA1C96B94A00C49FE8;
					};
					36265BC91C96B94A00C49FE8 = {
						CreatedOnToolsVersion = 7.2.1;
						TestTargetID = 36265BAA1C96B94A00C49FE8;
					};
				};
			};
			buildConfigurationList = 36265BA61C96B94A00C49FE8 /* Build configuration list for PBXProject "UIImageViewTouchEvent" */;
			compatibilityVersion = "Xcode 3.2";
			developmentRegion = English;
			hasScannedForEncodings = 0;
			knownRegions = (
				en,
				Base,
			);
			mainGroup = 36265BA21C96B94900C49FE8;
			productRefGroup = 36265BAC1C96B94A00C49FE8 /* Products */;
			projectDirPath = "";
			projectRoot = "";
			targets = (
				36265BAA1C96B94A00C49FE8 /* UIImageViewTouchEvent */,
				36265BBE1C96B94A00C49FE8 /* UIImageViewTouchEventTests */,
				36265BC91C96B94A00C49FE8 /* UIImageViewTouchEventUITests */,
			);
		};
/* End PBXProject section */

/* Begin PBXResourcesBuildPhase section */
		36265BA91C96B94A00C49FE8 /* Resources */ = {
			isa = PBXResourcesBuildPhase;
			buildActionMask = 2147483647;
			files = (
				36265BB91C96B94A00C49FE8 /* LaunchScreen.storyboard in Resources */,
				36265BB61C96B94A00C49FE8 /* Assets.xcassets in Resources */,
				36265BB41C96B94A00C49FE8 /* Main.storyboard in Resources */,
			);
			runOnlyForDeploymentPostprocessing = 0;
		};
		36265BBD1C96B94A00C49FE8 /* Resources */ = {
			isa = PBXResourcesBuildPhase;
			buildActionMask = 2147483647;
			files = (
			);
			runOnlyForDeploymentPostprocessing = 0;
		};
		36265BC81C96B94A00C49FE8 /* Resources */ = {
			isa = PBXResourcesBuildPhase;
			buildActionMask = 2147483647;
			files = (
			);
			runOnlyForDeploymentPostprocessing = 0;
		};
/* End PBXResourcesBuildPhase section */

/* Begin PBXSourcesBuildPhase section */
		36265BA71C96B94A00C49FE8 /* Sources */ = {
			isa = PBXSourcesBuildPhase;
			buildActionMask = 2147483647;
			files = (
				36265BB11C96B94A00C49FE8 /* ViewController.swift in Sources */,
				36265BAF1C96B94A00C49FE8 /* AppDelegate.swift in Sources */,
				36265BDD1C96B97000C49FE8 /* TouchImageView.swift in Sources */,
			);
			runOnlyForDeploymentPostprocessing = 0;
		};
		36265BBB1C96B94A00C49FE8 /* Sources */ = {
			isa = PBXSourcesBuildPhase;
			buildActionMask = 2147483647;
			files = (
				36265BC41C96B94A00C49FE8 /* UIImageViewTouchEventTests.swift in Sources */,
			);
			runOnlyForDeploymentPostprocessing = 0;
		};
		36265BC61C96B94A00C49FE8 /* Sources */ = {
			isa = PBXSourcesBuildPhase;
			buildActionMask = 2147483647;
			files = (
				36265BCF1C96B94A00C49FE8 /* UIImageViewTouchEventUITests.swift in Sources */,
			);
			runOnlyForDeploymentPostprocessing = 0;
		};
/* End PBXSourcesBuildPhase section */

/* Begin PBXTargetDependency section */
		36265BC11C96B94A00C49FE8 /* PBXTargetDependency */ = {
			isa = PBXTargetDependency;
			target = 36265BAA1C96B94A00C49FE8 /* UIImageViewTouchEvent */;
			targetProxy = 36265BC01C96B94A00C49FE8 /* PBXContainerItemProxy */;
		};
		36265BCC1C96B94A00C49FE8 /* PBXTargetDependency */ = {
			isa = PBXTargetDependency;
			target = 36265BAA1C96B94A00C49FE8 /* UIImageViewTouchEvent */;
			targetProxy = 36265BCB1C96B94A00C49FE8 /* PBXContainerItemProxy */;
		};
/* End PBXTargetDependency section */

/* Begin PBXVariantGroup section */
		36265BB21C96B94A00C49FE8 /* Main.storyboard */ = {
			isa = PBXVariantGroup;
			children = (
				36265BB31C96B94A00C49FE8 /* Base */,
			);
			name = Main.storyboard;
			sourceTree = "<group>";
		};
		36265BB71C96B94A00C49FE8 /* LaunchScreen.storyboard */ = {
			isa = PBXVariantGroup;
			children = (
				36265BB81C96B94A00C49FE8 /* Base */,
			);
			name = LaunchScreen.storyboard;
			sourceTree = "<group>";
		};
/* End PBXVariantGroup section */

/* Begin XCBuildConfiguration section */
		36265BD11C96B94A00C49FE8 /* Debug */ = {
			isa = XCBuildConfiguration;
			buildSettings = {
				ALWAYS_SEARCH_USER_PATHS = NO;
				CLANG_CXX_LANGUAGE_STANDARD = "gnu++0x";
				CLANG_CXX_LIBRARY = "libc++";
				CLANG_ENABLE_MODULES = YES;
				CLANG_ENABLE_OBJC_ARC = YES;
				CLANG_WARN_BOOL_CONVERSION = YES;
				CLANG_WARN_CONSTANT_CONVERSION = YES;
				CLANG_WARN_DIRECT_OBJC_ISA_USAGE = YES_ERROR;
				CLANG_WARN_EMPTY_BODY = YES;
				CLANG_WARN_ENUM_CONVERSION = YES;
				CLANG_WARN_INT_CONVERSION = YES;
				CLANG_WARN_OBJC_ROOT_CLASS = YES_ERROR;
				CLANG_WARN_UNREACHABLE_CODE = YES;
				CLANG_WARN__DUPLICATE_METHOD_MATCH = YES;
				"CODE_SIGN_IDENTITY[sdk=iphoneos*]" = "iPhone Developer";
				COPY_PHASE_STRIP = NO;
				DEBUG_INFORMATION_FORMAT = dwarf;
				ENABLE_STRICT_OBJC_MSGSEND = YES;
				ENABLE_TESTABILITY = YES;
				GCC_C_LANGUAGE_STANDARD = gnu99;
				GCC_DYNAMIC_NO_PIC = NO;
				GCC_NO_COMMON_BLOCKS = YES;
				GCC_OPTIMIZATION_LEVEL = 0;
				GCC_PREPROCESSOR_DEFINITIONS = (
					"DEBUG=1",
					"$(inherited)",
				);
				GCC_WARN_64_TO_32_BIT_CONVERSION = YES;
				GCC_WARN_ABOUT_RETURN_TYPE = YES_ERROR;
				GCC_WARN_UNDECLARED_SELECTOR = YES;
				GCC_WARN_UNINITIALIZED_AUTOS = YES_AGGRESSIVE;
				GCC_WARN_UNUSED_FUNCTION = YES;
				GCC_WARN_UNUSED_VARIABLE = YES;
				IPHONEOS_DEPLOYMENT_TARGET = 9.2;
				MTL_ENABLE_DEBUG_INFO = YES;
				ONLY_ACTIVE_ARCH = YES;
				SDKROOT = iphoneos;
				SWIFT_OPTIMIZATION_LEVEL = "-Onone";
			};
			name = Debug;
		};
		36265BD21C96B94A00C49FE8 /* Release */ = {
			isa = XCBuildConfiguration;
			buildSettings = {
				ALWAYS_SEARCH_USER_PATHS = NO;
				CLANG_CXX_LANGUAGE_STANDARD = "gnu++0x";
				CLANG_CXX_LIBRARY = "libc++";
				CLANG_ENABLE_MODULES = YES;
				CLANG_ENABLE_OBJC_ARC = YES;
				CLANG_WARN_BOOL_CONVERSION = YES;
				CLANG_WARN_CONSTANT_CONVERSION = YES;
				CLANG_WARN_DIRECT_OBJC_ISA_USAGE = YES_ERROR;
				CLANG_WARN_EMPTY_BODY = YES;
				CLANG_WARN_ENUM_CONVERSION = YES;
				CLANG_WARN_INT_CONVERSION = YES;
				CLANG_WARN_OBJC_ROOT_CLASS = YES_ERROR;
				CLANG_WARN_UNREACHABLE_CODE = YES;
				CLANG_WARN__DUPLICATE_METHOD_MATCH = YES;
				"CODE_SIGN_IDENTITY[sdk=iphoneos*]" = "iPhone Developer";
				COPY_PHASE_STRIP = NO;
				DEBUG_INFORMATION_FORMAT = "dwarf-with-dsym";
				ENABLE_NS_ASSERTIONS = NO;
				ENABLE_STRICT_OBJC_MSGSEND = YES;
				GCC_C_LANGUAGE_STANDARD = gnu99;
				GCC_NO_COMMON_BLOCKS = YES;
				GCC_WARN_64_TO_32_BIT_CONVERSION = YES;
				GCC_WARN_ABOUT_RETURN_TYPE = YES_ERROR;
				GCC_WARN_UNDECLARED_SELECTOR = YES;
				GCC_WARN_UNINITIALIZED_AUTOS = YES_AGGRESSIVE;
				GCC_WARN_UNUSED_FUNCTION = YES;
				GCC_WARN_UNUSED_VARIABLE = YES;
				IPHONEOS_DEPLOYMENT_TARGET = 9.2;
				MTL_ENABLE_DEBUG_INFO = NO;
				SDKROOT = iphoneos;
				VALIDATE_PRODUCT = YES;
			};
			name = Release;
		};
		36265BD41C96B94A00C49FE8 /* Debug */ = {
			isa = XCBuildConfiguration;
			buildSettings = {
				ASSETCATALOG_COMPILER_APPICON_NAME = AppIcon;
				INFOPLIST_FILE = UIImageViewTouchEvent/Info.plist;
				LD_RUNPATH_SEARCH_PATHS = "$(inherited) @executable_path/Frameworks";
				PRODUCT_BUNDLE_IDENTIFIER = com.anthrgrnwrld.UIImageViewTouchEvent;
				PRODUCT_NAME = "$(TARGET_NAME)";
			};
			name = Debug;
		};
		36265BD51C96B94A00C49FE8 /* Release */ = {
			isa = XCBuildConfiguration;
			buildSettings = {
				ASSETCATALOG_COMPILER_APPICON_NAME = AppIcon;
				INFOPLIST_FILE = UIImageViewTouchEvent/Info.plist;
				LD_RUNPATH_SEARCH_PATHS = "$(inherited) @executable_path/Frameworks";
				PRODUCT_BUNDLE_IDENTIFIER = com.anthrgrnwrld.UIImageViewTouchEvent;
				PRODUCT_NAME = "$(TARGET_NAME)";
			};
			name = Release;
		};
		36265BD71C96B94A00C49FE8 /* Debug */ = {
			isa = XCBuildConfiguration;
			buildSettings = {
				BUNDLE_LOADER = "$(TEST_HOST)";
				INFOPLIST_FILE = UIImageViewTouchEventTests/Info.plist;
				LD_RUNPATH_SEARCH_PATHS = "$(inherited) @executable_path/Frameworks @loader_path/Frameworks";
				PRODUCT_BUNDLE_IDENTIFIER = com.anthrgrnwrld.UIImageViewTouchEventTests;
				PRODUCT_NAME = "$(TARGET_NAME)";
				TEST_HOST = "$(BUILT_PRODUCTS_DIR)/UIImageViewTouchEvent.app/UIImageViewTouchEvent";
			};
			name = Debug;
		};
		36265BD81C96B94A00C49FE8 /* Release */ = {
			isa = XCBuildConfiguration;
			buildSettings = {
				BUNDLE_LOADER = "$(TEST_HOST)";
				INFOPLIST_FILE = UIImageViewTouchEventTests/Info.plist;
				LD_RUNPATH_SEARCH_PATHS = "$(inherited) @executable_path/Frameworks @loader_path/Frameworks";
				PRODUCT_BUNDLE_IDENTIFIER = com.anthrgrnwrld.UIImageViewTouchEventTests;
				PRODUCT_NAME = "$(TARGET_NAME)";
				TEST_HOST = "$(BUILT_PRODUCTS_DIR)/UIImageViewTouchEvent.app/UIImageViewTouchEvent";
			};
			name = Release;
		};
		36265BDA1C96B94A00C49FE8 /* Debug */ = {
			isa = XCBuildConfiguration;
			buildSettings = {
				INFOPLIST_FILE = UIImageViewTouchEventUITests/Info.plist;
				LD_RUNPATH_SEARCH_PATHS = "$(inherited) @executable_path/Frameworks @loader_path/Frameworks";
				PRODUCT_BUNDLE_IDENTIFIER = com.anthrgrnwrld.UIImageViewTouchEventUITests;
				PRODUCT_NAME = "$(TARGET_NAME)";
				TEST_TARGET_NAME = UIImageViewTouchEvent;
				USES_XCTRUNNER = YES;
			};
			name = Debug;
		};
		36265BDB1C96B94A00C49FE8 /* Release */ = {
			isa = XCBuildConfiguration;
			buildSettings = {
				INFOPLIST_FILE = UIImageViewTouchEventUITests/Info.plist;
				LD_RUNPATH_SEARCH_PATHS = "$(inherited) @executable_path/Frameworks @loader_path/Frameworks";
				PRODUCT_BUNDLE_IDENTIFIER = com.anthrgrnwrld.UIImageViewTouchEventUITests;
				PRODUCT_NAME = "$(TARGET_NAME)";
				TEST_TARGET_NAME = UIImageViewTouchEvent;
				USES_XCTRUNNER = YES;
			};
			name = Release;
		};
/* End XCBuildConfiguration section */

/* Begin XCConfigurationList section */
		36265BA61C96B94A00C49FE8 /* Build configuration list for PBXProject "UIImageViewTouchEvent" */ = {
			isa = XCConfigurationList;
			buildConfigurations = (
				36265BD11C96B94A00C49FE8 /* Debug */,
				36265BD21C96B94A00C49FE8 /* Release */,
			);
			defaultConfigurationIsVisible = 0;
			defaultConfigurationName = Release;
		};
		36265BD31C96B94A00C49FE8 /* Build configuration list for PBXNativeTarget "UIImageViewTouchEvent" */ = {
			isa = XCConfigurationList;
			buildConfigurations = (
				36265BD41C96B94A00C49FE8 /* Debug */,
				36265BD51C96B94A00C49FE8 /* Release */,
			);
			defaultConfigurationIsVisible = 0;
		};
		36265BD61C96B94A00C49FE8 /* Build configuration list for PBXNativeTarget "UIImageViewTouchEventTests" */ = {
			isa = XCConfigurationList;
			buildConfigurations = (
				36265BD71C96B94A00C49FE8 /* Debug */,
				36265BD81C96B94A00C49FE8 /* Release */,
			);
			defaultConfigurationIsVisible = 0;
		};
		36265BD91C96B94A00C49FE8 /* Build configuration list for PBXNativeTarget "UIImageViewTouchEventUITests" */ = {
			isa = XCConfigurationList;
			buildConfigurations = (
				36265BDA1C96B94A00C49FE8 /* Debug */,
				36265BDB1C96B94A00C49FE8 /* Release */,
			);
			defaultConfigurationIsVisible = 0;
		};
/* End XCConfigurationList section */
	};
	rootObject = 36265BA31C96B94A00C49FE8 /* Project object */;
}
